
Microsoft Visual Studio Solution File, Format Version 12.00
# Visual Studio 15
VisualStudioVersion = 15.0.28010.2026
MinimumVisualStudioVersion = 10.0.40219.1
Project("{FAE04EC0-301F-11D3-BF4B-00C04F79EFBC}") = "winformslabb2test", "winformslabb2test\winformslabb2test.csproj", "{230CC6B6-23E9-4139-971C-D8789BFC6D68}"
EndProject
Global
	GlobalSection(SolutionConfigurationPlatforms) = preSolution
		Debug|Any CPU = Debug|Any CPU
		Release|Any CPU = Release|Any CPU
	EndGlobalSection
	GlobalSection(ProjectConfigurationPlatforms) = postSolution
		{230CC6B6-23E9-4139-971C-D8789BFC6D68}.Debug|Any CPU.ActiveCfg = Debug|Any CPU
		{230CC6B6-23E9-4139-971C-D8789BFC6D68}.Debug|Any CPU.Build.0 = Debug|Any CPU
		{230CC6B6-23E9-4139-971C-D8789BFC6D68}.Release|Any CPU.ActiveCfg = Release|Any CPU
		{230CC6B6-23E9-4139-971C-D8789BFC6D68}.Release|Any CPU.Build.0 = Release|Any CPU
	EndGlobalSection
	GlobalSection(SolutionProperties) = preSolution
		HideSolutionNode = FALSE
	EndGlobalSection
	GlobalSection(ExtensibilityGlobals) = postSolution
		SolutionGuid = {6DCE8ED3-AC6F-4F22-B80D-E2818A76546B}
	EndGlobalSection
EndGlobal
